
Microsoft Visual Studio Solution File, Format Version 12.00
Project("{2150E333-8FDC-42A3-9474-1A3956D46DE8}") = "1.Common", "1.Common", "{986EF25E-11FE-4D14-9356-4CD33717B5B7}"
EndProject
Project("{2150E333-8FDC-42A3-9474-1A3956D46DE8}") = "2.Presentation Layer", "2.Presentation Layer", "{881C2BD4-0B98-4991-959C-9A8CD971B0BA}"
EndProject
Project("{2150E333-8FDC-42A3-9474-1A3956D46DE8}") = "3.MicroServices", "3.MicroServices", "{7BB20ABB-6F6E-462B-8753-822BBE32298D}"
EndProject
Project("{2150E333-8FDC-42A3-9474-1A3956D46DE8}") = "4.Test", "4.Test", "{C84A0749-D637-4D66-A710-9A6C2C026B02}"
EndProject
Project("{FAE04EC0-301F-11D3-BF4B-00C04F79EFBC}") = "NG.BaseApplication", "NG.BaseApplication\NG.BaseApplication.csproj", "{A64CF3DA-4FA3-4B9B-8554-152B0DF6A0F2}"
EndProject
Project("{FAE04EC0-301F-11D3-BF4B-00C04F79EFBC}") = "NG.BaseCommands", "NG.BaseCommands\NG.BaseCommands.csproj", "{820022C7-3E90-4068-B9B9-537E77B49FD4}"
EndProject
Project("{FAE04EC0-301F-11D3-BF4B-00C04F79EFBC}") = "NG.BaseDomains", "NG.BaseDomains\NG.BaseDomains.csproj", "{6C086E50-3709-4FEF-B9D1-4C8F36D0D714}"
EndProject
Project("{FAE04EC0-301F-11D3-BF4B-00C04F79EFBC}") = "NG.BaseReadModels", "NG.BaseReadModels\NG.BaseReadModels.csproj", "{F0F90A21-E0BC-41C0-9BC1-60C072FBEE6E}"
EndProject
Project("{FAE04EC0-301F-11D3-BF4B-00C04F79EFBC}") = "NG.BaseRepositories", "NG.BaseRepositories\NG.BaseRepositories.csproj", "{E09CA546-9634-47BD-8EC2-E2B3A8D6090D}"
EndProject
Project("{FAE04EC0-301F-11D3-BF4B-00C04F79EFBC}") = "NG.Cache", "NG.Cache\NG.Cache.csproj", "{92C065DF-3F05-48D4-BFE3-C45336A97D48}"
EndProject
Project("{FAE04EC0-301F-11D3-BF4B-00C04F79EFBC}") = "NG.Common", "NG.Common\NG.Common.csproj", "{D0EA93D2-AB49-4C80-9826-2AA140A5FEBB}"
EndProject
Project("{FAE04EC0-301F-11D3-BF4B-00C04F79EFBC}") = "NG.Configs", "NG.Configs\NG.Configs.csproj", "{5FC09181-BA68-49EF-B2BB-FB4E88FDCB3A}"
EndProject
Project("{FAE04EC0-301F-11D3-BF4B-00C04F79EFBC}") = "NG.EnumDefine", "NG.EnumDefine\NG.EnumDefine.csproj", "{03ECA4C6-8CD8-437E-925F-497EF6E56658}"
EndProject
Project("{FAE04EC0-301F-11D3-BF4B-00C04F79EFBC}") = "NG.ESRepositories", "NG.ESRepositories\NG.ESRepositories.csproj", "{8221BAE3-528C-471B-8397-C8353B4C2832}"
EndProject
Project("{FAE04EC0-301F-11D3-BF4B-00C04F79EFBC}") = "NG.EventBus", "NG.EventBus\NG.EventBus.csproj", "{29C911C9-FBB0-4C0D-861B-C2DE2077EC92}"
EndProject
Project("{FAE04EC0-301F-11D3-BF4B-00C04F79EFBC}") = "NG.EventBusModels", "NG.EventBusModels\NG.EventBusModels.csproj", "{399AC397-D07D-40BC-BDDA-00EDFAE57AFA}"
EndProject
Project("{FAE04EC0-301F-11D3-BF4B-00C04F79EFBC}") = "NG.Extensions", "NG.Extensions\NG.Extensions.csproj", "{2B9FE420-6081-4426-BCA2-663919CFFD3B}"
EndProject
Project("{FAE04EC0-301F-11D3-BF4B-00C04F79EFBC}") = "NG.FacebookServices", "NG.FacebookServices\NG.FacebookServices.csproj", "{67F03138-883A-4C22-BDD9-C4B103B10577}"
EndProject
Project("{FAE04EC0-301F-11D3-BF4B-00C04F79EFBC}") = "NG.GoogleServices", "NG.GoogleServices\NG.GoogleServices.csproj", "{AE9CC320-4780-4742-9ADF-2AC3C751AE6C}"
EndProject
Project("{FAE04EC0-301F-11D3-BF4B-00C04F79EFBC}") = "NG.Grpc.Service.Extensions", "NG.Grpc.Service.Extensions\NG.Grpc.Service.Extensions.csproj", "{7713B606-1597-4190-B58C-2E6B697B2682}"
EndProject
Project("{FAE04EC0-301F-11D3-BF4B-00C04F79EFBC}") = "NG.HttpClientBase", "NG.HttpClientBase\NG.HttpClientBase.csproj", "{2DA1ECEA-6D20-4431-9442-911A11D4E7D6}"
EndProject
Project("{FAE04EC0-301F-11D3-BF4B-00C04F79EFBC}") = "NG.Models.Shared", "NG.Models.Shared\NG.Models.Shared.csproj", "{6254FB21-F03D-46E4-83D1-2BF39B84F6ED}"
EndProject
Project("{FAE04EC0-301F-11D3-BF4B-00C04F79EFBC}") = "NG.NapasServices", "NG.NapasServices\NG.NapasServices.csproj", "{A2D01465-6B34-4702-B6BE-E729D78A7FA7}"
EndProject
Project("{2150E333-8FDC-42A3-9474-1A3956D46DE8}") = "00.Client", "00.Client", "{C04F3C11-D55F-4519-9C5D-D01A47249EEF}"
EndProject
Project("{FAE04EC0-301F-11D3-BF4B-00C04F79EFBC}") = "NG.NGGrpcClient", "NG.NGGrpcClient\NG.NGGrpcClient.csproj", "{B3ABF9D8-5149-454A-A227-FBAD785AE229}"
EndProject
Global
	GlobalSection(SolutionConfigurationPlatforms) = preSolution
		Debug|Any CPU = Debug|Any CPU
		Release|Any CPU = Release|Any CPU
	EndGlobalSection
	GlobalSection(ProjectConfigurationPlatforms) = postSolution
		{A64CF3DA-4FA3-4B9B-8554-152B0DF6A0F2}.Debug|Any CPU.ActiveCfg = Debug|Any CPU
		{A64CF3DA-4FA3-4B9B-8554-152B0DF6A0F2}.Debug|Any CPU.Build.0 = Debug|Any CPU
		{A64CF3DA-4FA3-4B9B-8554-152B0DF6A0F2}.Release|Any CPU.ActiveCfg = Release|Any CPU
		{A64CF3DA-4FA3-4B9B-8554-152B0DF6A0F2}.Release|Any CPU.Build.0 = Release|Any CPU
		{820022C7-3E90-4068-B9B9-537E77B49FD4}.Debug|Any CPU.ActiveCfg = Debug|Any CPU
		{820022C7-3E90-4068-B9B9-537E77B49FD4}.Debug|Any CPU.Build.0 = Debug|Any CPU
		{820022C7-3E90-4068-B9B9-537E77B49FD4}.Release|Any CPU.ActiveCfg = Release|Any CPU
		{820022C7-3E90-4068-B9B9-537E77B49FD4}.Release|Any CPU.Build.0 = Release|Any CPU
		{6C086E50-3709-4FEF-B9D1-4C8F36D0D714}.Debug|Any CPU.ActiveCfg = Debug|Any CPU
		{6C086E50-3709-4FEF-B9D1-4C8F36D0D714}.Debug|Any CPU.Build.0 = Debug|Any CPU
		{6C086E50-3709-4FEF-B9D1-4C8F36D0D714}.Release|Any CPU.ActiveCfg = Release|Any CPU
		{6C086E50-3709-4FEF-B9D1-4C8F36D0D714}.Release|Any CPU.Build.0 = Release|Any CPU
		{F0F90A21-E0BC-41C0-9BC1-60C072FBEE6E}.Debug|Any CPU.ActiveCfg = Debug|Any CPU
		{F0F90A21-E0BC-41C0-9BC1-60C072FBEE6E}.Debug|Any CPU.Build.0 = Debug|Any CPU
		{F0F90A21-E0BC-41C0-9BC1-60C072FBEE6E}.Release|Any CPU.ActiveCfg = Release|Any CPU
		{F0F90A21-E0BC-41C0-9BC1-60C072FBEE6E}.Release|Any CPU.Build.0 = Release|Any CPU
		{E09CA546-9634-47BD-8EC2-E2B3A8D6090D}.Debug|Any CPU.ActiveCfg = Debug|Any CPU
		{E09CA546-9634-47BD-8EC2-E2B3A8D6090D}.Debug|Any CPU.Build.0 = Debug|Any CPU
		{E09CA546-9634-47BD-8EC2-E2B3A8D6090D}.Release|Any CPU.ActiveCfg = Release|Any CPU
		{E09CA546-9634-47BD-8EC2-E2B3A8D6090D}.Release|Any CPU.Build.0 = Release|Any CPU
		{92C065DF-3F05-48D4-BFE3-C45336A97D48}.Debug|Any CPU.ActiveCfg = Debug|Any CPU
		{92C065DF-3F05-48D4-BFE3-C45336A97D48}.Debug|Any CPU.Build.0 = Debug|Any CPU
		{92C065DF-3F05-48D4-BFE3-C45336A97D48}.Release|Any CPU.ActiveCfg = Release|Any CPU
		{92C065DF-3F05-48D4-BFE3-C45336A97D48}.Release|Any CPU.Build.0 = Release|Any CPU
		{D0EA93D2-AB49-4C80-9826-2AA140A5FEBB}.Debug|Any CPU.ActiveCfg = Debug|Any CPU
		{D0EA93D2-AB49-4C80-9826-2AA140A5FEBB}.Debug|Any CPU.Build.0 = Debug|Any CPU
		{D0EA93D2-AB49-4C80-9826-2AA140A5FEBB}.Release|Any CPU.ActiveCfg = Release|Any CPU
		{D0EA93D2-AB49-4C80-9826-2AA140A5FEBB}.Release|Any CPU.Build.0 = Release|Any CPU
		{5FC09181-BA68-49EF-B2BB-FB4E88FDCB3A}.Debug|Any CPU.ActiveCfg = Debug|Any CPU
		{5FC09181-BA68-49EF-B2BB-FB4E88FDCB3A}.Debug|Any CPU.Build.0 = Debug|Any CPU
		{5FC09181-BA68-49EF-B2BB-FB4E88FDCB3A}.Release|Any CPU.ActiveCfg = Release|Any CPU
		{5FC09181-BA68-49EF-B2BB-FB4E88FDCB3A}.Release|Any CPU.Build.0 = Release|Any CPU
		{03ECA4C6-8CD8-437E-925F-497EF6E56658}.Debug|Any CPU.ActiveCfg = Debug|Any CPU
		{03ECA4C6-8CD8-437E-925F-497EF6E56658}.Debug|Any CPU.Build.0 = Debug|Any CPU
		{03ECA4C6-8CD8-437E-925F-497EF6E56658}.Release|Any CPU.ActiveCfg = Release|Any CPU
		{03ECA4C6-8CD8-437E-925F-497EF6E56658}.Release|Any CPU.Build.0 = Release|Any CPU
		{8221BAE3-528C-471B-8397-C8353B4C2832}.Debug|Any CPU.ActiveCfg = Debug|Any CPU
		{8221BAE3-528C-471B-8397-C8353B4C2832}.Debug|Any CPU.Build.0 = Debug|Any CPU
		{8221BAE3-528C-471B-8397-C8353B4C2832}.Release|Any CPU.ActiveCfg = Release|Any CPU
		{8221BAE3-528C-471B-8397-C8353B4C2832}.Release|Any CPU.Build.0 = Release|Any CPU
		{29C911C9-FBB0-4C0D-861B-C2DE2077EC92}.Debug|Any CPU.ActiveCfg = Debug|Any CPU
		{29C911C9-FBB0-4C0D-861B-C2DE2077EC92}.Debug|Any CPU.Build.0 = Debug|Any CPU
		{29C911C9-FBB0-4C0D-861B-C2DE2077EC92}.Release|Any CPU.ActiveCfg = Release|Any CPU
		{29C911C9-FBB0-4C0D-861B-C2DE2077EC92}.Release|Any CPU.Build.0 = Release|Any CPU
		{399AC397-D07D-40BC-BDDA-00EDFAE57AFA}.Debug|Any CPU.ActiveCfg = Debug|Any CPU
		{399AC397-D07D-40BC-BDDA-00EDFAE57AFA}.Debug|Any CPU.Build.0 = Debug|Any CPU
		{399AC397-D07D-40BC-BDDA-00EDFAE57AFA}.Release|Any CPU.ActiveCfg = Release|Any CPU
		{399AC397-D07D-40BC-BDDA-00EDFAE57AFA}.Release|Any CPU.Build.0 = Release|Any CPU
		{2B9FE420-6081-4426-BCA2-663919CFFD3B}.Debug|Any CPU.ActiveCfg = Debug|Any CPU
		{2B9FE420-6081-4426-BCA2-663919CFFD3B}.Debug|Any CPU.Build.0 = Debug|Any CPU
		{2B9FE420-6081-4426-BCA2-663919CFFD3B}.Release|Any CPU.ActiveCfg = Release|Any CPU
		{2B9FE420-6081-4426-BCA2-663919CFFD3B}.Release|Any CPU.Build.0 = Release|Any CPU
		{67F03138-883A-4C22-BDD9-C4B103B10577}.Debug|Any CPU.ActiveCfg = Debug|Any CPU
		{67F03138-883A-4C22-BDD9-C4B103B10577}.Debug|Any CPU.Build.0 = Debug|Any CPU
		{67F03138-883A-4C22-BDD9-C4B103B10577}.Release|Any CPU.ActiveCfg = Release|Any CPU
		{67F03138-883A-4C22-BDD9-C4B103B10577}.Release|Any CPU.Build.0 = Release|Any CPU
		{AE9CC320-4780-4742-9ADF-2AC3C751AE6C}.Debug|Any CPU.ActiveCfg = Debug|Any CPU
		{AE9CC320-4780-4742-9ADF-2AC3C751AE6C}.Debug|Any CPU.Build.0 = Debug|Any CPU
		{AE9CC320-4780-4742-9ADF-2AC3C751AE6C}.Release|Any CPU.ActiveCfg = Release|Any CPU
		{AE9CC320-4780-4742-9ADF-2AC3C751AE6C}.Release|Any CPU.Build.0 = Release|Any CPU
		{7713B606-1597-4190-B58C-2E6B697B2682}.Debug|Any CPU.ActiveCfg = Debug|Any CPU
		{7713B606-1597-4190-B58C-2E6B697B2682}.Debug|Any CPU.Build.0 = Debug|Any CPU
		{7713B606-1597-4190-B58C-2E6B697B2682}.Release|Any CPU.ActiveCfg = Release|Any CPU
		{7713B606-1597-4190-B58C-2E6B697B2682}.Release|Any CPU.Build.0 = Release|Any CPU
		{2DA1ECEA-6D20-4431-9442-911A11D4E7D6}.Debug|Any CPU.ActiveCfg = Debug|Any CPU
		{2DA1ECEA-6D20-4431-9442-911A11D4E7D6}.Debug|Any CPU.Build.0 = Debug|Any CPU
		{2DA1ECEA-6D20-4431-9442-911A11D4E7D6}.Release|Any CPU.ActiveCfg = Release|Any CPU
		{2DA1ECEA-6D20-4431-9442-911A11D4E7D6}.Release|Any CPU.Build.0 = Release|Any CPU
		{6254FB21-F03D-46E4-83D1-2BF39B84F6ED}.Debug|Any CPU.ActiveCfg = Debug|Any CPU
		{6254FB21-F03D-46E4-83D1-2BF39B84F6ED}.Debug|Any CPU.Build.0 = Debug|Any CPU
		{6254FB21-F03D-46E4-83D1-2BF39B84F6ED}.Release|Any CPU.ActiveCfg = Release|Any CPU
		{6254FB21-F03D-46E4-83D1-2BF39B84F6ED}.Release|Any CPU.Build.0 = Release|Any CPU
		{A2D01465-6B34-4702-B6BE-E729D78A7FA7}.Debug|Any CPU.ActiveCfg = Debug|Any CPU
		{A2D01465-6B34-4702-B6BE-E729D78A7FA7}.Debug|Any CPU.Build.0 = Debug|Any CPU
		{A2D01465-6B34-4702-B6BE-E729D78A7FA7}.Release|Any CPU.ActiveCfg = Release|Any CPU
		{A2D01465-6B34-4702-B6BE-E729D78A7FA7}.Release|Any CPU.Build.0 = Release|Any CPU
		{B3ABF9D8-5149-454A-A227-FBAD785AE229}.Debug|Any CPU.ActiveCfg = Debug|Any CPU
		{B3ABF9D8-5149-454A-A227-FBAD785AE229}.Debug|Any CPU.Build.0 = Debug|Any CPU
		{B3ABF9D8-5149-454A-A227-FBAD785AE229}.Release|Any CPU.ActiveCfg = Release|Any CPU
		{B3ABF9D8-5149-454A-A227-FBAD785AE229}.Release|Any CPU.Build.0 = Release|Any CPU
	EndGlobalSection
	GlobalSection(NestedProjects) = preSolution
		{A64CF3DA-4FA3-4B9B-8554-152B0DF6A0F2} = {986EF25E-11FE-4D14-9356-4CD33717B5B7}
		{820022C7-3E90-4068-B9B9-537E77B49FD4} = {986EF25E-11FE-4D14-9356-4CD33717B5B7}
		{6C086E50-3709-4FEF-B9D1-4C8F36D0D714} = {986EF25E-11FE-4D14-9356-4CD33717B5B7}
		{F0F90A21-E0BC-41C0-9BC1-60C072FBEE6E} = {986EF25E-11FE-4D14-9356-4CD33717B5B7}
		{E09CA546-9634-47BD-8EC2-E2B3A8D6090D} = {986EF25E-11FE-4D14-9356-4CD33717B5B7}
		{92C065DF-3F05-48D4-BFE3-C45336A97D48} = {986EF25E-11FE-4D14-9356-4CD33717B5B7}
		{D0EA93D2-AB49-4C80-9826-2AA140A5FEBB} = {986EF25E-11FE-4D14-9356-4CD33717B5B7}
		{5FC09181-BA68-49EF-B2BB-FB4E88FDCB3A} = {986EF25E-11FE-4D14-9356-4CD33717B5B7}
		{03ECA4C6-8CD8-437E-925F-497EF6E56658} = {986EF25E-11FE-4D14-9356-4CD33717B5B7}
		{8221BAE3-528C-471B-8397-C8353B4C2832} = {986EF25E-11FE-4D14-9356-4CD33717B5B7}
		{29C911C9-FBB0-4C0D-861B-C2DE2077EC92} = {986EF25E-11FE-4D14-9356-4CD33717B5B7}
		{399AC397-D07D-40BC-BDDA-00EDFAE57AFA} = {986EF25E-11FE-4D14-9356-4CD33717B5B7}
		{2B9FE420-6081-4426-BCA2-663919CFFD3B} = {986EF25E-11FE-4D14-9356-4CD33717B5B7}
		{67F03138-883A-4C22-BDD9-C4B103B10577} = {986EF25E-11FE-4D14-9356-4CD33717B5B7}
		{AE9CC320-4780-4742-9ADF-2AC3C751AE6C} = {986EF25E-11FE-4D14-9356-4CD33717B5B7}
		{7713B606-1597-4190-B58C-2E6B697B2682} = {986EF25E-11FE-4D14-9356-4CD33717B5B7}
		{2DA1ECEA-6D20-4431-9442-911A11D4E7D6} = {986EF25E-11FE-4D14-9356-4CD33717B5B7}
		{6254FB21-F03D-46E4-83D1-2BF39B84F6ED} = {986EF25E-11FE-4D14-9356-4CD33717B5B7}
		{A2D01465-6B34-4702-B6BE-E729D78A7FA7} = {986EF25E-11FE-4D14-9356-4CD33717B5B7}
		{C04F3C11-D55F-4519-9C5D-D01A47249EEF} = {7BB20ABB-6F6E-462B-8753-822BBE32298D}
		{B3ABF9D8-5149-454A-A227-FBAD785AE229} = {C04F3C11-D55F-4519-9C5D-D01A47249EEF}
	EndGlobalSection
EndGlobal
